
Microsoft Visual Studio Solution File, Format Version 12.00
# Visual Studio Version 17
VisualStudioVersion = 17.9.34622.214
MinimumVisualStudioVersion = 10.0.40219.1
Project("{FAE04EC0-301F-11D3-BF4B-00C04F79EFBC}") = "WebApplication4", "WebApplication4.csproj", "{EE1EB043-815C-40DF-9E93-85E33AEB9934}"
EndProject
Global
	GlobalSection(SolutionConfigurationPlatforms) = preSolution
		Debug|Any CPU = Debug|Any CPU
		Release|Any CPU = Release|Any CPU
	EndGlobalSection
	GlobalSection(ProjectConfigurationPlatforms) = postSolution
		{EE1EB043-815C-40DF-9E93-85E33AEB9934}.Debug|Any CPU.ActiveCfg = Debug|Any CPU
		{EE1EB043-815C-40DF-9E93-85E33AEB9934}.Debug|Any CPU.Build.0 = Debug|Any CPU
		{EE1EB043-815C-40DF-9E93-85E33AEB9934}.Release|Any CPU.ActiveCfg = Release|Any CPU
		{EE1EB043-815C-40DF-9E93-85E33AEB9934}.Release|Any CPU.Build.0 = Release|Any CPU
	EndGlobalSection
	GlobalSection(SolutionProperties) = preSolution
		HideSolutionNode = FALSE
	EndGlobalSection
	GlobalSection(ExtensibilityGlobals) = postSolution
		SolutionGuid = {14F9CA55-CFF9-4E90-8250-CC5451BA05DE}
	EndGlobalSection
EndGlobal
